
Microsoft Visual Studio Solution File, Format Version 12.00
# Visual Studio 2013
VisualStudioVersion = 12.0.30723.0
MinimumVisualStudioVersion = 10.0.40219.1
Project("{FAE04EC0-301F-11D3-BF4B-00C04F79EFBC}") = "DNSChecker", "DNSChecker\DNSChecker.csproj", "{777ABFCE-358A-467E-980A-2E595D4ECA10}"
EndProject
Project("{FAE04EC0-301F-11D3-BF4B-00C04F79EFBC}") = "IRCExploitChecker", "IRCExploitChecker\IRCExploitChecker.csproj", "{2DE3589C-27AC-4035-8D39-98F30A104B54}"
EndProject
Project("{FAE04EC0-301F-11D3-BF4B-00C04F79EFBC}") = "ChatSharp", "ChatSharp-master\ChatSharp\ChatSharp.csproj", "{4033AFFA-BEA3-4BDF-84EA-59A23360FD36}"
EndProject
Global
	GlobalSection(SolutionConfigurationPlatforms) = preSolution
		Debug|Any CPU = Debug|Any CPU
		Release|Any CPU = Release|Any CPU
	EndGlobalSection
	GlobalSection(ProjectConfigurationPlatforms) = postSolution
		{777ABFCE-358A-467E-980A-2E595D4ECA10}.Debug|Any CPU.ActiveCfg = Debug|Any CPU
		{777ABFCE-358A-467E-980A-2E595D4ECA10}.Debug|Any CPU.Build.0 = Debug|Any CPU
		{777ABFCE-358A-467E-980A-2E595D4ECA10}.Release|Any CPU.ActiveCfg = Release|Any CPU
		{777ABFCE-358A-467E-980A-2E595D4ECA10}.Release|Any CPU.Build.0 = Release|Any CPU
		{2DE3589C-27AC-4035-8D39-98F30A104B54}.Debug|Any CPU.ActiveCfg = Debug|Any CPU
		{2DE3589C-27AC-4035-8D39-98F30A104B54}.Debug|Any CPU.Build.0 = Debug|Any CPU
		{2DE3589C-27AC-4035-8D39-98F30A104B54}.Release|Any CPU.ActiveCfg = Release|Any CPU
		{2DE3589C-27AC-4035-8D39-98F30A104B54}.Release|Any CPU.Build.0 = Release|Any CPU
		{4033AFFA-BEA3-4BDF-84EA-59A23360FD36}.Debug|Any CPU.ActiveCfg = Debug|Any CPU
		{4033AFFA-BEA3-4BDF-84EA-59A23360FD36}.Debug|Any CPU.Build.0 = Debug|Any CPU
		{4033AFFA-BEA3-4BDF-84EA-59A23360FD36}.Release|Any CPU.ActiveCfg = Release|Any CPU
		{4033AFFA-BEA3-4BDF-84EA-59A23360FD36}.Release|Any CPU.Build.0 = Release|Any CPU
	EndGlobalSection
	GlobalSection(SolutionProperties) = preSolution
		HideSolutionNode = FALSE
	EndGlobalSection
EndGlobal
